
Microsoft Visual Studio Solution File, Format Version 12.00
# Visual Studio Version 17
VisualStudioVersion = 17.6.33829.357
MinimumVisualStudioVersion = 10.0.40219.1
Project("{FAE04EC0-301F-11D3-BF4B-00C04F79EFBC}") = "1. Животинско царство 2", "1. Животинско царство 2\1. Животинско царство 2.csproj", "{27BA3FCE-1A5F-48AB-BA57-576AB88A1D57}"
EndProject
Global
	GlobalSection(SolutionConfigurationPlatforms) = preSolution
		Debug|Any CPU = Debug|Any CPU
		Release|Any CPU = Release|Any CPU
	EndGlobalSection
	GlobalSection(ProjectConfigurationPlatforms) = postSolution
		{27BA3FCE-1A5F-48AB-BA57-576AB88A1D57}.Debug|Any CPU.ActiveCfg = Debug|Any CPU
		{27BA3FCE-1A5F-48AB-BA57-576AB88A1D57}.Debug|Any CPU.Build.0 = Debug|Any CPU
		{27BA3FCE-1A5F-48AB-BA57-576AB88A1D57}.Release|Any CPU.ActiveCfg = Release|Any CPU
		{27BA3FCE-1A5F-48AB-BA57-576AB88A1D57}.Release|Any CPU.Build.0 = Release|Any CPU
	EndGlobalSection
	GlobalSection(SolutionProperties) = preSolution
		HideSolutionNode = FALSE
	EndGlobalSection
	GlobalSection(ExtensibilityGlobals) = postSolution
		SolutionGuid = {C52014D7-6943-4578-87C8-8D5A7CBBB97B}
	EndGlobalSection
EndGlobal
