
Microsoft Visual Studio Solution File, Format Version 12.00
# Visual Studio Version 17
VisualStudioVersion = 17.6.33829.357
MinimumVisualStudioVersion = 10.0.40219.1
Project("{FAE04EC0-301F-11D3-BF4B-00C04F79EFBC}") = "1. Превозни средства", "1. Превозни средства\1. Превозни средства.csproj", "{FF247152-1D42-4EEF-BC30-9CFCCCC7299D}"
EndProject
Global
	GlobalSection(SolutionConfigurationPlatforms) = preSolution
		Debug|Any CPU = Debug|Any CPU
		Release|Any CPU = Release|Any CPU
	EndGlobalSection
	GlobalSection(ProjectConfigurationPlatforms) = postSolution
		{FF247152-1D42-4EEF-BC30-9CFCCCC7299D}.Debug|Any CPU.ActiveCfg = Debug|Any CPU
		{FF247152-1D42-4EEF-BC30-9CFCCCC7299D}.Debug|Any CPU.Build.0 = Debug|Any CPU
		{FF247152-1D42-4EEF-BC30-9CFCCCC7299D}.Release|Any CPU.ActiveCfg = Release|Any CPU
		{FF247152-1D42-4EEF-BC30-9CFCCCC7299D}.Release|Any CPU.Build.0 = Release|Any CPU
	EndGlobalSection
	GlobalSection(SolutionProperties) = preSolution
		HideSolutionNode = FALSE
	EndGlobalSection
	GlobalSection(ExtensibilityGlobals) = postSolution
		SolutionGuid = {D2FCD0F5-E01A-4A08-BB14-613235D9819B}
	EndGlobalSection
EndGlobal
