
Microsoft Visual Studio Solution File, Format Version 12.00
# Visual Studio Version 17
VisualStudioVersion = 17.6.33829.357
MinimumVisualStudioVersion = 10.0.40219.1
Project("{FAE04EC0-301F-11D3-BF4B-00C04F79EFBC}") = "1. Превозни средства 2", "1. Превозни средства 2\1. Превозни средства 2.csproj", "{F37939AA-360B-4694-970B-9B44BE9EF9E8}"
EndProject
Global
	GlobalSection(SolutionConfigurationPlatforms) = preSolution
		Debug|Any CPU = Debug|Any CPU
		Release|Any CPU = Release|Any CPU
	EndGlobalSection
	GlobalSection(ProjectConfigurationPlatforms) = postSolution
		{F37939AA-360B-4694-970B-9B44BE9EF9E8}.Debug|Any CPU.ActiveCfg = Debug|Any CPU
		{F37939AA-360B-4694-970B-9B44BE9EF9E8}.Debug|Any CPU.Build.0 = Debug|Any CPU
		{F37939AA-360B-4694-970B-9B44BE9EF9E8}.Release|Any CPU.ActiveCfg = Release|Any CPU
		{F37939AA-360B-4694-970B-9B44BE9EF9E8}.Release|Any CPU.Build.0 = Release|Any CPU
	EndGlobalSection
	GlobalSection(SolutionProperties) = preSolution
		HideSolutionNode = FALSE
	EndGlobalSection
	GlobalSection(ExtensibilityGlobals) = postSolution
		SolutionGuid = {02520476-65D7-472E-8903-4C6B33585BAA}
	EndGlobalSection
EndGlobal
