
Microsoft Visual Studio Solution File, Format Version 12.00
# Visual Studio Version 17
VisualStudioVersion = 17.9.34616.47
MinimumVisualStudioVersion = 10.0.40219.1
Project("{FAE04EC0-301F-11D3-BF4B-00C04F79EFBC}") = "CampRating", "CampRating\CampRating.csproj", "{CBB03295-8EF9-416D-A217-B5E8D40E9EEF}"
EndProject
Global
	GlobalSection(SolutionConfigurationPlatforms) = preSolution
		Debug|Any CPU = Debug|Any CPU
		Release|Any CPU = Release|Any CPU
	EndGlobalSection
	GlobalSection(ProjectConfigurationPlatforms) = postSolution
		{CBB03295-8EF9-416D-A217-B5E8D40E9EEF}.Debug|Any CPU.ActiveCfg = Debug|Any CPU
		{CBB03295-8EF9-416D-A217-B5E8D40E9EEF}.Debug|Any CPU.Build.0 = Debug|Any CPU
		{CBB03295-8EF9-416D-A217-B5E8D40E9EEF}.Release|Any CPU.ActiveCfg = Release|Any CPU
		{CBB03295-8EF9-416D-A217-B5E8D40E9EEF}.Release|Any CPU.Build.0 = Release|Any CPU
	EndGlobalSection
	GlobalSection(SolutionProperties) = preSolution
		HideSolutionNode = FALSE
	EndGlobalSection
	GlobalSection(ExtensibilityGlobals) = postSolution
		SolutionGuid = {E73F2BE5-9557-417A-A4D5-19A9B811BD2E}
	EndGlobalSection
EndGlobal
