
Microsoft Visual Studio Solution File, Format Version 12.00
# Visual Studio Version 17
VisualStudioVersion = 17.9.34616.47
MinimumVisualStudioVersion = 10.0.40219.1
Project("{FAE04EC0-301F-11D3-BF4B-00C04F79EFBC}") = "ProductApp", "ProductApp\ProductApp.csproj", "{5974BCC6-D8B3-4A9B-BF2D-38FB4EE795F0}"
EndProject
Project("{FAE04EC0-301F-11D3-BF4B-00C04F79EFBC}") = "Data", "Data\Data.csproj", "{63817701-37DC-467C-AF79-F44140A7C26D}"
EndProject
Project("{FAE04EC0-301F-11D3-BF4B-00C04F79EFBC}") = "Business", "Business\Business.csproj", "{711BEA71-B1D9-46C3-9BFE-D6A953B5F897}"
EndProject
Global
	GlobalSection(SolutionConfigurationPlatforms) = preSolution
		Debug|Any CPU = Debug|Any CPU
		Release|Any CPU = Release|Any CPU
	EndGlobalSection
	GlobalSection(ProjectConfigurationPlatforms) = postSolution
		{5974BCC6-D8B3-4A9B-BF2D-38FB4EE795F0}.Debug|Any CPU.ActiveCfg = Debug|Any CPU
		{5974BCC6-D8B3-4A9B-BF2D-38FB4EE795F0}.Debug|Any CPU.Build.0 = Debug|Any CPU
		{5974BCC6-D8B3-4A9B-BF2D-38FB4EE795F0}.Release|Any CPU.ActiveCfg = Release|Any CPU
		{5974BCC6-D8B3-4A9B-BF2D-38FB4EE795F0}.Release|Any CPU.Build.0 = Release|Any CPU
		{63817701-37DC-467C-AF79-F44140A7C26D}.Debug|Any CPU.ActiveCfg = Debug|Any CPU
		{63817701-37DC-467C-AF79-F44140A7C26D}.Debug|Any CPU.Build.0 = Debug|Any CPU
		{63817701-37DC-467C-AF79-F44140A7C26D}.Release|Any CPU.ActiveCfg = Release|Any CPU
		{63817701-37DC-467C-AF79-F44140A7C26D}.Release|Any CPU.Build.0 = Release|Any CPU
		{711BEA71-B1D9-46C3-9BFE-D6A953B5F897}.Debug|Any CPU.ActiveCfg = Debug|Any CPU
		{711BEA71-B1D9-46C3-9BFE-D6A953B5F897}.Debug|Any CPU.Build.0 = Debug|Any CPU
		{711BEA71-B1D9-46C3-9BFE-D6A953B5F897}.Release|Any CPU.ActiveCfg = Release|Any CPU
		{711BEA71-B1D9-46C3-9BFE-D6A953B5F897}.Release|Any CPU.Build.0 = Release|Any CPU
	EndGlobalSection
	GlobalSection(SolutionProperties) = preSolution
		HideSolutionNode = FALSE
	EndGlobalSection
	GlobalSection(ExtensibilityGlobals) = postSolution
		SolutionGuid = {C984B970-5722-4123-97DA-E2CF58141536}
	EndGlobalSection
EndGlobal
