
Microsoft Visual Studio Solution File, Format Version 12.00
# Visual Studio Version 17
VisualStudioVersion = 17.6.33829.357
MinimumVisualStudioVersion = 10.0.40219.1
Project("{FAE04EC0-301F-11D3-BF4B-00C04F79EFBC}") = "ShoppingSystem", "ShoppingSystem\ShoppingSystem.csproj", "{6F9B55E2-5630-4B83-9665-EF5F182F8F5B}"
EndProject
Global
	GlobalSection(SolutionConfigurationPlatforms) = preSolution
		Debug|Any CPU = Debug|Any CPU
		Release|Any CPU = Release|Any CPU
	EndGlobalSection
	GlobalSection(ProjectConfigurationPlatforms) = postSolution
		{6F9B55E2-5630-4B83-9665-EF5F182F8F5B}.Debug|Any CPU.ActiveCfg = Debug|Any CPU
		{6F9B55E2-5630-4B83-9665-EF5F182F8F5B}.Debug|Any CPU.Build.0 = Debug|Any CPU
		{6F9B55E2-5630-4B83-9665-EF5F182F8F5B}.Release|Any CPU.ActiveCfg = Release|Any CPU
		{6F9B55E2-5630-4B83-9665-EF5F182F8F5B}.Release|Any CPU.Build.0 = Release|Any CPU
	EndGlobalSection
	GlobalSection(SolutionProperties) = preSolution
		HideSolutionNode = FALSE
	EndGlobalSection
	GlobalSection(ExtensibilityGlobals) = postSolution
		SolutionGuid = {80045CA8-7ABB-467D-996C-35360B4D13F9}
	EndGlobalSection
EndGlobal
